
Microsoft Visual Studio Solution File, Format Version 12.00
# Visual Studio 15
VisualStudioVersion = 15.0.28307.329
MinimumVisualStudioVersion = 10.0.40219.1
Project("{E24C65DC-7377-472B-9ABA-BC803B73C61A}") = "PokerProjectWebsite", "PokerProjectWebsite\", "{5D90F18D-EE00-42FB-92D5-5FE06B6C1138}"
	ProjectSection(WebsiteProperties) = preProject
		TargetFrameworkMoniker = ".NETFramework,Version%3Dv4.6.1"
		Debug.AspNetCompiler.VirtualPath = "/localhost_30349"
		Debug.AspNetCompiler.PhysicalPath = "PokerProjectWebsite\"
		Debug.AspNetCompiler.TargetPath = "PrecompiledWeb\localhost_30349\"
		Debug.AspNetCompiler.Updateable = "true"
		Debug.AspNetCompiler.ForceOverwrite = "true"
		Debug.AspNetCompiler.FixedNames = "false"
		Debug.AspNetCompiler.Debug = "True"
		Release.AspNetCompiler.VirtualPath = "/localhost_30349"
		Release.AspNetCompiler.PhysicalPath = "PokerProjectWebsite\"
		Release.AspNetCompiler.TargetPath = "PrecompiledWeb\localhost_30349\"
		Release.AspNetCompiler.Updateable = "true"
		Release.AspNetCompiler.ForceOverwrite = "true"
		Release.AspNetCompiler.FixedNames = "false"
		Release.AspNetCompiler.Debug = "False"
		VWDPort = "30349"
		SlnRelativePath = "PokerProjectWebsite\"
		DefaultWebSiteLanguage = "Visual C#"
	EndProjectSection
EndProject
Global
	GlobalSection(SolutionConfigurationPlatforms) = preSolution
		Debug|Any CPU = Debug|Any CPU
	EndGlobalSection
	GlobalSection(ProjectConfigurationPlatforms) = postSolution
		{5D90F18D-EE00-42FB-92D5-5FE06B6C1138}.Debug|Any CPU.ActiveCfg = Debug|Any CPU
		{5D90F18D-EE00-42FB-92D5-5FE06B6C1138}.Debug|Any CPU.Build.0 = Debug|Any CPU
	EndGlobalSection
	GlobalSection(SolutionProperties) = preSolution
		HideSolutionNode = FALSE
	EndGlobalSection
	GlobalSection(ExtensibilityGlobals) = postSolution
		SolutionGuid = {AE73F9C2-4AB1-4164-AE4E-03D82A993549}
	EndGlobalSection
EndGlobal
